
Microsoft Visual Studio Solution File, Format Version 12.00
# Visual Studio Version 17
VisualStudioVersion = 17.4.33213.308
MinimumVisualStudioVersion = 10.0.40219.1
Project("{FAE04EC0-301F-11D3-BF4B-00C04F79EFBC}") = "combox-p2", "combox-p2\combox-p2.csproj", "{294C5FD8-E47D-4C4E-81F6-7CE7635C15D8}"
EndProject
Global
	GlobalSection(SolutionConfigurationPlatforms) = preSolution
		Debug|Any CPU = Debug|Any CPU
		Release|Any CPU = Release|Any CPU
	EndGlobalSection
	GlobalSection(ProjectConfigurationPlatforms) = postSolution
		{294C5FD8-E47D-4C4E-81F6-7CE7635C15D8}.Debug|Any CPU.ActiveCfg = Debug|Any CPU
		{294C5FD8-E47D-4C4E-81F6-7CE7635C15D8}.Debug|Any CPU.Build.0 = Debug|Any CPU
		{294C5FD8-E47D-4C4E-81F6-7CE7635C15D8}.Release|Any CPU.ActiveCfg = Release|Any CPU
		{294C5FD8-E47D-4C4E-81F6-7CE7635C15D8}.Release|Any CPU.Build.0 = Release|Any CPU
	EndGlobalSection
	GlobalSection(SolutionProperties) = preSolution
		HideSolutionNode = FALSE
	EndGlobalSection
	GlobalSection(ExtensibilityGlobals) = postSolution
		SolutionGuid = {8BAD3A88-B893-4331-8DA6-0E4E7736EE71}
	EndGlobalSection
EndGlobal
